
Microsoft Visual Studio Solution File, Format Version 12.00
# Visual Studio Version 17
VisualStudioVersion = 17.13.35913.81 d17.13
MinimumVisualStudioVersion = 10.0.40219.1
Project("{FAE04EC0-301F-11D3-BF4B-00C04F79EFBC}") = "AboutMe", "AboutMe\AboutMe.csproj", "{10747C22-321D-4DCC-BEE3-71BB036CF0BD}"
EndProject
Global
	GlobalSection(SolutionConfigurationPlatforms) = preSolution
		Debug|Any CPU = Debug|Any CPU
		Release|Any CPU = Release|Any CPU
	EndGlobalSection
	GlobalSection(ProjectConfigurationPlatforms) = postSolution
		{10747C22-321D-4DCC-BEE3-71BB036CF0BD}.Debug|Any CPU.ActiveCfg = Debug|Any CPU
		{10747C22-321D-4DCC-BEE3-71BB036CF0BD}.Debug|Any CPU.Build.0 = Debug|Any CPU
		{10747C22-321D-4DCC-BEE3-71BB036CF0BD}.Release|Any CPU.ActiveCfg = Release|Any CPU
		{10747C22-321D-4DCC-BEE3-71BB036CF0BD}.Release|Any CPU.Build.0 = Release|Any CPU
	EndGlobalSection
	GlobalSection(SolutionProperties) = preSolution
		HideSolutionNode = FALSE
	EndGlobalSection
	GlobalSection(ExtensibilityGlobals) = postSolution
		SolutionGuid = {55A11669-CE2C-44EC-8D30-97BB8C145AEB}
	EndGlobalSection
EndGlobal
